{
  "requires": true,
  "lockfileVersion": 1,
  "dependencies": {
    "clone": {
      "version": "1.0.4",
      "resolved": "https://registry.npmjs.org/clone/-/clone-1.0.4.tgz",
      "integrity": "sha1-2jCcwmPfFZlMaIypAheco8fNfH4="
    },
    "defaults": {
      "version": "1.0.3",
      "resolved": "https://registry.npmjs.org/defaults/-/defaults-1.0.3.tgz",
      "integrity": "sha1-xlYFHpgX2f8I7YgUd/P+QBnz730=",
      "requires": {
        "clone": "1.0.4"
      }
    },
    "mongoose-timestamp-date-unix": {
      "version": "0.6.2",
      "resolved": "https://registry.npmjs.org/mongoose-timestamp-date-unix/-/mongoose-timestamp-date-unix-0.6.2.tgz",
      "integrity": "sha512-QM05vUSnSVfYPPzoJrToM+l4jDxoZIsHND0jr5gtRoizluarGNT8mfDNpMXMMhewr26z1vV3JXzOnRs7+b5GyQ==",
      "requires": {
        "defaults": "1.0.3"
      }
    }
  }
}
